{
  "object": {
    "pins": [
      {
        "package": "UIDeviceComplete",
        "repositoryURL": "https://github.com/Nirma/UIDeviceComplete",
        "state": {
          "branch": null,
          "revision": "b16b9ec7a25d15917043b491ebb190cccf0160bc",
          "version": "2.7.6"
        }
      }
    ]
  },
  "version": 1
}
